// !$*UTF8*$!
{
	archiveVersion = 1;
	classes = {
	};
	objectVersion = 51;
	objects = {

/* Begin PBXBuildFile section */
		04D84FE324FE378E009167E0 /* AnalyzeViewController.swift in Sources */ = {isa = PBXBuildFile; fileRef = 04D84FE224FE378E009167E0 /* AnalyzeViewController.swift */; };
		04D84FE524FE400A009167E0 /* ViewControllerExtensions.swift in Sources */ = {isa = PBXBuildFile; fileRef = 04D84FE424FE400A009167E0 /* ViewControllerExtensions.swift */; };
		7B29324E3B16DD8F6FABFB16 /* Pods_VietFoodTests.framework in Frameworks */ = {isa = PBXBuildFile; fileRef = 80D0991ACC43AC54E516FAE1 /* Pods_VietFoodTests.framework */; };
		9D400B5C1D3868ED2DE9B94F /* Pods_VietFood.framework in Frameworks */ = {isa = PBXBuildFile; fileRef = 487173BB86AAE61DCE15B0AF /* Pods_VietFood.framework */; };
		D209C1DB24FB37A400690F38 /* AppDelegate.swift in Sources */ = {isa = PBXBuildFile; fileRef = D209C1DA24FB37A400690F38 /* AppDelegate.swift */; };
		D209C1DF24FB37A400690F38 /* DashboardViewController.swift in Sources */ = {isa = PBXBuildFile; fileRef = D209C1DE24FB37A400690F38 /* DashboardViewController.swift */; };
		D209C1E524FB37A400690F38 /* VietFood.xcdatamodeld in Sources */ = {isa = PBXBuildFile; fileRef = D209C1E324FB37A400690F38 /* VietFood.xcdatamodeld */; };
		D209C1E724FB37A500690F38 /* Assets.xcassets in Resources */ = {isa = PBXBuildFile; fileRef = D209C1E624FB37A500690F38 /* Assets.xcassets */; };
		D209C1EA24FB37A500690F38 /* LaunchScreen.storyboard in Resources */ = {isa = PBXBuildFile; fileRef = D209C1E824FB37A500690F38 /* LaunchScreen.storyboard */; };
		D209C1F524FB37A500690F38 /* VietFoodTests.swift in Sources */ = {isa = PBXBuildFile; fileRef = D209C1F424FB37A500690F38 /* VietFoodTests.swift */; };
		D24E816D24FB3D51003E91BF /* ImageCarousel.swift in Sources */ = {isa = PBXBuildFile; fileRef = D24E816C24FB3D51003E91BF /* ImageCarousel.swift */; };
		D24E816E24FB3D51003E91BF /* ImageCarousel.swift in Sources */ = {isa = PBXBuildFile; fileRef = D24E816C24FB3D51003E91BF /* ImageCarousel.swift */; };
		D266D5E124FB618E00985735 /* ViewExtensions.swift in Sources */ = {isa = PBXBuildFile; fileRef = D266D5E024FB618E00985735 /* ViewExtensions.swift */; };
		D266D5E224FB618E00985735 /* ViewExtensions.swift in Sources */ = {isa = PBXBuildFile; fileRef = D266D5E024FB618E00985735 /* ViewExtensions.swift */; };
		D266D5EB24FB7EB500985735 /* ColorExtensions.swift in Sources */ = {isa = PBXBuildFile; fileRef = D266D5EA24FB7EB500985735 /* ColorExtensions.swift */; };
		D266D5EC24FB7EB500985735 /* ColorExtensions.swift in Sources */ = {isa = PBXBuildFile; fileRef = D266D5EA24FB7EB500985735 /* ColorExtensions.swift */; };
		D266D5EE24FB7F9800985735 /* CameraViewController.swift in Sources */ = {isa = PBXBuildFile; fileRef = D266D5ED24FB7F9800985735 /* CameraViewController.swift */; };
		D266D5EF24FB7F9800985735 /* CameraViewController.swift in Sources */ = {isa = PBXBuildFile; fileRef = D266D5ED24FB7F9800985735 /* CameraViewController.swift */; };
		D2ED588224FB9F4E000B3D9A /* ActionButton.swift in Sources */ = {isa = PBXBuildFile; fileRef = D2ED588124FB9F4E000B3D9A /* ActionButton.swift */; };
		D2ED588324FB9F4E000B3D9A /* ActionButton.swift in Sources */ = {isa = PBXBuildFile; fileRef = D2ED588124FB9F4E000B3D9A /* ActionButton.swift */; };
		D2ED588524FBB3C7000B3D9A /* PreviewImageViewController.swift in Sources */ = {isa = PBXBuildFile; fileRef = D2ED588424FBB3C7000B3D9A /* PreviewImageViewController.swift */; };
		D2ED588624FBB3C7000B3D9A /* PreviewImageViewController.swift in Sources */ = {isa = PBXBuildFile; fileRef = D2ED588424FBB3C7000B3D9A /* PreviewImageViewController.swift */; };
/* End PBXBuildFile section */

/* Begin PBXContainerItemProxy section */
		D209C1F124FB37A500690F38 /* PBXContainerItemProxy */ = {
			isa = PBXContainerItemProxy;
			containerPortal = D209C1CF24FB37A400690F38 /* Project object */;
			proxyType = 1;
			remoteGlobalIDString = D209C1D624FB37A400690F38;
			remoteInfo = VietFood;
		};
/* End PBXContainerItemProxy section */

/* Begin PBXFileReference section */
		04D84FE224FE378E009167E0 /* AnalyzeViewController.swift */ = {isa = PBXFileReference; lastKnownFileType = sourcecode.swift; path = AnalyzeViewController.swift; sourceTree = "<group>"; };
		04D84FE424FE400A009167E0 /* ViewControllerExtensions.swift */ = {isa = PBXFileReference; lastKnownFileType = sourcecode.swift; path = ViewControllerExtensions.swift; sourceTree = "<group>"; };
		1F21BAE2228FD39FCB061CCE /* Pods-VietFood.debug.xcconfig */ = {isa = PBXFileReference; includeInIndex = 1; lastKnownFileType = text.xcconfig; name = "Pods-VietFood.debug.xcconfig"; path = "Target Support Files/Pods-VietFood/Pods-VietFood.debug.xcconfig"; sourceTree = "<group>"; };
		487173BB86AAE61DCE15B0AF /* Pods_VietFood.framework */ = {isa = PBXFileReference; explicitFileType = wrapper.framework; includeInIndex = 0; path = Pods_VietFood.framework; sourceTree = BUILT_PRODUCTS_DIR; };
		80D0991ACC43AC54E516FAE1 /* Pods_VietFoodTests.framework */ = {isa = PBXFileReference; explicitFileType = wrapper.framework; includeInIndex = 0; path = Pods_VietFoodTests.framework; sourceTree = BUILT_PRODUCTS_DIR; };
		94450AADB078D1D0EA544C3E /* Pods-VietFoodTests.release.xcconfig */ = {isa = PBXFileReference; includeInIndex = 1; lastKnownFileType = text.xcconfig; name = "Pods-VietFoodTests.release.xcconfig"; path = "Target Support Files/Pods-VietFoodTests/Pods-VietFoodTests.release.xcconfig"; sourceTree = "<group>"; };
		D209C1D724FB37A400690F38 /* VietFood.app */ = {isa = PBXFileReference; explicitFileType = wrapper.application; includeInIndex = 0; path = VietFood.app; sourceTree = BUILT_PRODUCTS_DIR; };
		D209C1DA24FB37A400690F38 /* AppDelegate.swift */ = {isa = PBXFileReference; lastKnownFileType = sourcecode.swift; path = AppDelegate.swift; sourceTree = "<group>"; };
		D209C1DE24FB37A400690F38 /* DashboardViewController.swift */ = {isa = PBXFileReference; lastKnownFileType = sourcecode.swift; path = DashboardViewController.swift; sourceTree = "<group>"; };
		D209C1E424FB37A400690F38 /* VietFood.xcdatamodel */ = {isa = PBXFileReference; lastKnownFileType = wrapper.xcdatamodel; path = VietFood.xcdatamodel; sourceTree = "<group>"; };
		D209C1E624FB37A500690F38 /* Assets.xcassets */ = {isa = PBXFileReference; lastKnownFileType = folder.assetcatalog; path = Assets.xcassets; sourceTree = "<group>"; };
		D209C1E924FB37A500690F38 /* Base */ = {isa = PBXFileReference; lastKnownFileType = file.storyboard; name = Base; path = Base.lproj/LaunchScreen.storyboard; sourceTree = "<group>"; };
		D209C1EB24FB37A500690F38 /* Info.plist */ = {isa = PBXFileReference; lastKnownFileType = text.plist.xml; path = Info.plist; sourceTree = "<group>"; };
		D209C1F024FB37A500690F38 /* VietFoodTests.xctest */ = {isa = PBXFileReference; explicitFileType = wrapper.cfbundle; includeInIndex = 0; path = VietFoodTests.xctest; sourceTree = BUILT_PRODUCTS_DIR; };
		D209C1F424FB37A500690F38 /* VietFoodTests.swift */ = {isa = PBXFileReference; lastKnownFileType = sourcecode.swift; path = VietFoodTests.swift; sourceTree = "<group>"; };
		D209C1F624FB37A500690F38 /* Info.plist */ = {isa = PBXFileReference; lastKnownFileType = text.plist.xml; path = Info.plist; sourceTree = "<group>"; };
		D24E816C24FB3D51003E91BF /* ImageCarousel.swift */ = {isa = PBXFileReference; lastKnownFileType = sourcecode.swift; path = ImageCarousel.swift; sourceTree = "<group>"; };
		D266D5E024FB618E00985735 /* ViewExtensions.swift */ = {isa = PBXFileReference; lastKnownFileType = sourcecode.swift; path = ViewExtensions.swift; sourceTree = "<group>"; };
		D266D5EA24FB7EB500985735 /* ColorExtensions.swift */ = {isa = PBXFileReference; lastKnownFileType = sourcecode.swift; path = ColorExtensions.swift; sourceTree = "<group>"; };
		D266D5ED24FB7F9800985735 /* CameraViewController.swift */ = {isa = PBXFileReference; lastKnownFileType = sourcecode.swift; path = CameraViewController.swift; sourceTree = "<group>"; };
		D2ED588124FB9F4E000B3D9A /* ActionButton.swift */ = {isa = PBXFileReference; lastKnownFileType = sourcecode.swift; path = ActionButton.swift; sourceTree = "<group>"; };
		D2ED588424FBB3C7000B3D9A /* PreviewImageViewController.swift */ = {isa = PBXFileReference; lastKnownFileType = sourcecode.swift; path = PreviewImageViewController.swift; sourceTree = "<group>"; };
		DDDD02F98D4293AB67460027 /* Pods-VietFood.release.xcconfig */ = {isa = PBXFileReference; includeInIndex = 1; lastKnownFileType = text.xcconfig; name = "Pods-VietFood.release.xcconfig"; path = "Target Support Files/Pods-VietFood/Pods-VietFood.release.xcconfig"; sourceTree = "<group>"; };
		ECCBB7BC091BA3F3FF5FD3BA /* Pods-VietFoodTests.debug.xcconfig */ = {isa = PBXFileReference; includeInIndex = 1; lastKnownFileType = text.xcconfig; name = "Pods-VietFoodTests.debug.xcconfig"; path = "Target Support Files/Pods-VietFoodTests/Pods-VietFoodTests.debug.xcconfig"; sourceTree = "<group>"; };
/* End PBXFileReference section */

/* Begin PBXFrameworksBuildPhase section */
		D209C1D424FB37A400690F38 /* Frameworks */ = {
			isa = PBXFrameworksBuildPhase;
			buildActionMask = 2147483647;
			files = (
				9D400B5C1D3868ED2DE9B94F /* Pods_VietFood.framework in Frameworks */,
			);
			runOnlyForDeploymentPostprocessing = 0;
		};
		D209C1ED24FB37A500690F38 /* Frameworks */ = {
			isa = PBXFrameworksBuildPhase;
			buildActionMask = 2147483647;
			files = (
				7B29324E3B16DD8F6FABFB16 /* Pods_VietFoodTests.framework in Frameworks */,
			);
			runOnlyForDeploymentPostprocessing = 0;
		};
/* End PBXFrameworksBuildPhase section */

/* Begin PBXGroup section */
		2033075E05723BD2A31EC8AA /* Frameworks */ = {
			isa = PBXGroup;
			children = (
				487173BB86AAE61DCE15B0AF /* Pods_VietFood.framework */,
				80D0991ACC43AC54E516FAE1 /* Pods_VietFoodTests.framework */,
			);
			name = Frameworks;
			sourceTree = "<group>";
		};
		578D61E686E0F0414A6B3548 /* Pods */ = {
			isa = PBXGroup;
			children = (
				1F21BAE2228FD39FCB061CCE /* Pods-VietFood.debug.xcconfig */,
				DDDD02F98D4293AB67460027 /* Pods-VietFood.release.xcconfig */,
				ECCBB7BC091BA3F3FF5FD3BA /* Pods-VietFoodTests.debug.xcconfig */,
				94450AADB078D1D0EA544C3E /* Pods-VietFoodTests.release.xcconfig */,
			);
			path = Pods;
			sourceTree = "<group>";
		};
		D209C1CE24FB37A400690F38 = {
			isa = PBXGroup;
			children = (
				D209C1D924FB37A400690F38 /* VietFood */,
				D209C1F324FB37A500690F38 /* VietFoodTests */,
				D209C1D824FB37A400690F38 /* Products */,
				578D61E686E0F0414A6B3548 /* Pods */,
				2033075E05723BD2A31EC8AA /* Frameworks */,
			);
			sourceTree = "<group>";
		};
		D209C1D824FB37A400690F38 /* Products */ = {
			isa = PBXGroup;
			children = (
				D209C1D724FB37A400690F38 /* VietFood.app */,
				D209C1F024FB37A500690F38 /* VietFoodTests.xctest */,
			);
			name = Products;
			sourceTree = "<group>";
		};
		D209C1D924FB37A400690F38 /* VietFood */ = {
			isa = PBXGroup;
			children = (
				D266D5E624FB7E7100985735 /* Helper */,
				D24E816824FB3A90003E91BF /* Business */,
				D24E816724FB3A78003E91BF /* ViewComponent */,
				D24E816624FB3A6C003E91BF /* ViewController */,
				D209C1DA24FB37A400690F38 /* AppDelegate.swift */,
				D209C1E624FB37A500690F38 /* Assets.xcassets */,
				D209C1E824FB37A500690F38 /* LaunchScreen.storyboard */,
				D209C1EB24FB37A500690F38 /* Info.plist */,
				D209C1E324FB37A400690F38 /* VietFood.xcdatamodeld */,
			);
			path = VietFood;
			sourceTree = "<group>";
		};
		D209C1F324FB37A500690F38 /* VietFoodTests */ = {
			isa = PBXGroup;
			children = (
				D209C1F424FB37A500690F38 /* VietFoodTests.swift */,
				D209C1F624FB37A500690F38 /* Info.plist */,
			);
			path = VietFoodTests;
			sourceTree = "<group>";
		};
		D24E816624FB3A6C003E91BF /* ViewController */ = {
			isa = PBXGroup;
			children = (
				D209C1DE24FB37A400690F38 /* DashboardViewController.swift */,
				D266D5ED24FB7F9800985735 /* CameraViewController.swift */,
				D2ED588424FBB3C7000B3D9A /* PreviewImageViewController.swift */,
				04D84FE224FE378E009167E0 /* AnalyzeViewController.swift */,
			);
			path = ViewController;
			sourceTree = "<group>";
		};
		D24E816724FB3A78003E91BF /* ViewComponent */ = {
			isa = PBXGroup;
			children = (
				D266D5DF24FB617900985735 /* Extensions */,
				D24E816C24FB3D51003E91BF /* ImageCarousel.swift */,
				D2ED588124FB9F4E000B3D9A /* ActionButton.swift */,
			);
			path = ViewComponent;
			sourceTree = "<group>";
		};
		D24E816824FB3A90003E91BF /* Business */ = {
			isa = PBXGroup;
			children = (
			);
			path = Business;
			sourceTree = "<group>";
		};
		D266D5DF24FB617900985735 /* Extensions */ = {
			isa = PBXGroup;
			children = (
				D266D5E024FB618E00985735 /* ViewExtensions.swift */,
				D266D5EA24FB7EB500985735 /* ColorExtensions.swift */,
				04D84FE424FE400A009167E0 /* ViewControllerExtensions.swift */,
			);
			path = Extensions;
			sourceTree = "<group>";
		};
		D266D5E624FB7E7100985735 /* Helper */ = {
			isa = PBXGroup;
			children = (
			);
			path = Helper;
			sourceTree = "<group>";
		};
/* End PBXGroup section */

/* Begin PBXNativeTarget section */
		D209C1D624FB37A400690F38 /* VietFood */ = {
			isa = PBXNativeTarget;
			buildConfigurationList = D209C1F924FB37A500690F38 /* Build configuration list for PBXNativeTarget "VietFood" */;
			buildPhases = (
				2556957CE7B9F857F9F18F63 /* [CP] Check Pods Manifest.lock */,
				D209C1D324FB37A400690F38 /* Sources */,
				D209C1D424FB37A400690F38 /* Frameworks */,
				D209C1D524FB37A400690F38 /* Resources */,
				73E16CA34CDA00C131C32FF3 /* [CP] Embed Pods Frameworks */,
			);
			buildRules = (
			);
			dependencies = (
			);
			name = VietFood;
			productName = VietFood;
			productReference = D209C1D724FB37A400690F38 /* VietFood.app */;
			productType = "com.apple.product-type.application";
		};
		D209C1EF24FB37A500690F38 /* VietFoodTests */ = {
			isa = PBXNativeTarget;
			buildConfigurationList = D209C1FC24FB37A500690F38 /* Build configuration list for PBXNativeTarget "VietFoodTests" */;
			buildPhases = (
				ADE29D0B1DC9E6B55CB669A7 /* [CP] Check Pods Manifest.lock */,
				D209C1EC24FB37A500690F38 /* Sources */,
				D209C1ED24FB37A500690F38 /* Frameworks */,
				D209C1EE24FB37A500690F38 /* Resources */,
			);
			buildRules = (
			);
			dependencies = (
				D209C1F224FB37A500690F38 /* PBXTargetDependency */,
			);
			name = VietFoodTests;
			productName = VietFoodTests;
			productReference = D209C1F024FB37A500690F38 /* VietFoodTests.xctest */;
			productType = "com.apple.product-type.bundle.unit-test";
		};
/* End PBXNativeTarget section */

/* Begin PBXProject section */
		D209C1CF24FB37A400690F38 /* Project object */ = {
			isa = PBXProject;
			attributes = {
				LastSwiftUpdateCheck = 1160;
				LastUpgradeCheck = 1160;
				ORGANIZATIONNAME = HieuTDT;
				TargetAttributes = {
					D209C1D624FB37A400690F38 = {
						CreatedOnToolsVersion = 11.6;
					};
					D209C1EF24FB37A500690F38 = {
						CreatedOnToolsVersion = 11.6;
						TestTargetID = D209C1D624FB37A400690F38;
					};
				};
			};
			buildConfigurationList = D209C1D224FB37A400690F38 /* Build configuration list for PBXProject "VietFood" */;
			compatibilityVersion = "Xcode 9.3";
			developmentRegion = en;
			hasScannedForEncodings = 0;
			knownRegions = (
				en,
				Base,
			);
			mainGroup = D209C1CE24FB37A400690F38;
			productRefGroup = D209C1D824FB37A400690F38 /* Products */;
			projectDirPath = "";
			projectRoot = "";
			targets = (
				D209C1D624FB37A400690F38 /* VietFood */,
				D209C1EF24FB37A500690F38 /* VietFoodTests */,
			);
		};
/* End PBXProject section */

/* Begin PBXResourcesBuildPhase section */
		D209C1D524FB37A400690F38 /* Resources */ = {
			isa = PBXResourcesBuildPhase;
			buildActionMask = 2147483647;
			files = (
				D209C1EA24FB37A500690F38 /* LaunchScreen.storyboard in Resources */,
				D209C1E724FB37A500690F38 /* Assets.xcassets in Resources */,
			);
			runOnlyForDeploymentPostprocessing = 0;
		};
		D209C1EE24FB37A500690F38 /* Resources */ = {
			isa = PBXResourcesBuildPhase;
			buildActionMask = 2147483647;
			files = (
			);
			runOnlyForDeploymentPostprocessing = 0;
		};
/* End PBXResourcesBuildPhase section */

/* Begin PBXShellScriptBuildPhase section */
		2556957CE7B9F857F9F18F63 /* [CP] Check Pods Manifest.lock */ = {
			isa = PBXShellScriptBuildPhase;
			buildActionMask = 2147483647;
			files = (
			);
			inputFileListPaths = (
			);
			inputPaths = (
				"${PODS_PODFILE_DIR_PATH}/Podfile.lock",
				"${PODS_ROOT}/Manifest.lock",
			);
			name = "[CP] Check Pods Manifest.lock";
			outputFileListPaths = (
			);
			outputPaths = (
				"$(DERIVED_FILE_DIR)/Pods-VietFood-checkManifestLockResult.txt",
			);
			runOnlyForDeploymentPostprocessing = 0;
			shellPath = /bin/sh;
			shellScript = "diff \"${PODS_PODFILE_DIR_PATH}/Podfile.lock\" \"${PODS_ROOT}/Manifest.lock\" > /dev/null\nif [ $? != 0 ] ; then\n    # print error to STDERR\n    echo \"error: The sandbox is not in sync with the Podfile.lock. Run 'pod install' or update your CocoaPods installation.\" >&2\n    exit 1\nfi\n# This output is used by Xcode 'outputs' to avoid re-running this script phase.\necho \"SUCCESS\" > \"${SCRIPT_OUTPUT_FILE_0}\"\n";
			showEnvVarsInLog = 0;
		};
		73E16CA34CDA00C131C32FF3 /* [CP] Embed Pods Frameworks */ = {
			isa = PBXShellScriptBuildPhase;
			buildActionMask = 2147483647;
			files = (
			);
			inputFileListPaths = (
				"${PODS_ROOT}/Target Support Files/Pods-VietFood/Pods-VietFood-frameworks-${CONFIGURATION}-input-files.xcfilelist",
			);
			name = "[CP] Embed Pods Frameworks";
			outputFileListPaths = (
				"${PODS_ROOT}/Target Support Files/Pods-VietFood/Pods-VietFood-frameworks-${CONFIGURATION}-output-files.xcfilelist",
			);
			runOnlyForDeploymentPostprocessing = 0;
			shellPath = /bin/sh;
			shellScript = "\"${PODS_ROOT}/Target Support Files/Pods-VietFood/Pods-VietFood-frameworks.sh\"\n";
			showEnvVarsInLog = 0;
		};
		ADE29D0B1DC9E6B55CB669A7 /* [CP] Check Pods Manifest.lock */ = {
			isa = PBXShellScriptBuildPhase;
			buildActionMask = 2147483647;
			files = (
			);
			inputFileListPaths = (
			);
			inputPaths = (
				"${PODS_PODFILE_DIR_PATH}/Podfile.lock",
				"${PODS_ROOT}/Manifest.lock",
			);
			name = "[CP] Check Pods Manifest.lock";
			outputFileListPaths = (
			);
			outputPaths = (
				"$(DERIVED_FILE_DIR)/Pods-VietFoodTests-checkManifestLockResult.txt",
			);
			runOnlyForDeploymentPostprocessing = 0;
			shellPath = /bin/sh;
			shellScript = "diff \"${PODS_PODFILE_DIR_PATH}/Podfile.lock\" \"${PODS_ROOT}/Manifest.lock\" > /dev/null\nif [ $? != 0 ] ; then\n    # print error to STDERR\n    echo \"error: The sandbox is not in sync with the Podfile.lock. Run 'pod install' or update your CocoaPods installation.\" >&2\n    exit 1\nfi\n# This output is used by Xcode 'outputs' to avoid re-running this script phase.\necho \"SUCCESS\" > \"${SCRIPT_OUTPUT_FILE_0}\"\n";
			showEnvVarsInLog = 0;
		};
/* End PBXShellScriptBuildPhase section */

/* Begin PBXSourcesBuildPhase section */
		D209C1D324FB37A400690F38 /* Sources */ = {
			isa = PBXSourcesBuildPhase;
			buildActionMask = 2147483647;
			files = (
				04D84FE524FE400A009167E0 /* ViewControllerExtensions.swift in Sources */,
				D209C1DF24FB37A400690F38 /* DashboardViewController.swift in Sources */,
				D209C1E524FB37A400690F38 /* VietFood.xcdatamodeld in Sources */,
				D24E816D24FB3D51003E91BF /* ImageCarousel.swift in Sources */,
				04D84FE324FE378E009167E0 /* AnalyzeViewController.swift in Sources */,
				D266D5E124FB618E00985735 /* ViewExtensions.swift in Sources */,
				D2ED588224FB9F4E000B3D9A /* ActionButton.swift in Sources */,
				D2ED588524FBB3C7000B3D9A /* PreviewImageViewController.swift in Sources */,
				D266D5EE24FB7F9800985735 /* CameraViewController.swift in Sources */,
				D209C1DB24FB37A400690F38 /* AppDelegate.swift in Sources */,
				D266D5EB24FB7EB500985735 /* ColorExtensions.swift in Sources */,
			);
			runOnlyForDeploymentPostprocessing = 0;
		};
		D209C1EC24FB37A500690F38 /* Sources */ = {
			isa = PBXSourcesBuildPhase;
			buildActionMask = 2147483647;
			files = (
				D209C1F524FB37A500690F38 /* VietFoodTests.swift in Sources */,
				D2ED588624FBB3C7000B3D9A /* PreviewImageViewController.swift in Sources */,
				D266D5E224FB618E00985735 /* ViewExtensions.swift in Sources */,
				D24E816E24FB3D51003E91BF /* ImageCarousel.swift in Sources */,
				D266D5EC24FB7EB500985735 /* ColorExtensions.swift in Sources */,
				D266D5EF24FB7F9800985735 /* CameraViewController.swift in Sources */,
				D2ED588324FB9F4E000B3D9A /* ActionButton.swift in Sources */,
			);
			runOnlyForDeploymentPostprocessing = 0;
		};
/* End PBXSourcesBuildPhase section */

/* Begin PBXTargetDependency section */
		D209C1F224FB37A500690F38 /* PBXTargetDependency */ = {
			isa = PBXTargetDependency;
			target = D209C1D624FB37A400690F38 /* VietFood */;
			targetProxy = D209C1F124FB37A500690F38 /* PBXContainerItemProxy */;
		};
/* End PBXTargetDependency section */

/* Begin PBXVariantGroup section */
		D209C1E824FB37A500690F38 /* LaunchScreen.storyboard */ = {
			isa = PBXVariantGroup;
			children = (
				D209C1E924FB37A500690F38 /* Base */,
			);
			name = LaunchScreen.storyboard;
			sourceTree = "<group>";
		};
/* End PBXVariantGroup section */

/* Begin XCBuildConfiguration section */
		D209C1F724FB37A500690F38 /* Debug */ = {
			isa = XCBuildConfiguration;
			buildSettings = {
				ALWAYS_SEARCH_USER_PATHS = NO;
				CLANG_ANALYZER_NONNULL = YES;
				CLANG_ANALYZER_NUMBER_OBJECT_CONVERSION = YES_AGGRESSIVE;
				CLANG_CXX_LANGUAGE_STANDARD = "gnu++14";
				CLANG_CXX_LIBRARY = "libc++";
				CLANG_ENABLE_MODULES = YES;
				CLANG_ENABLE_OBJC_ARC = YES;
				CLANG_ENABLE_OBJC_WEAK = YES;
				CLANG_WARN_BLOCK_CAPTURE_AUTORELEASING = YES;
				CLANG_WARN_BOOL_CONVERSION = YES;
				CLANG_WARN_COMMA = YES;
				CLANG_WARN_CONSTANT_CONVERSION = YES;
				CLANG_WARN_DEPRECATED_OBJC_IMPLEMENTATIONS = YES;
				CLANG_WARN_DIRECT_OBJC_ISA_USAGE = YES_ERROR;
				CLANG_WARN_DOCUMENTATION_COMMENTS = YES;
				CLANG_WARN_EMPTY_BODY = YES;
				CLANG_WARN_ENUM_CONVERSION = YES;
				CLANG_WARN_INFINITE_RECURSION = YES;
				CLANG_WARN_INT_CONVERSION = YES;
				CLANG_WARN_NON_LITERAL_NULL_CONVERSION = YES;
				CLANG_WARN_OBJC_IMPLICIT_RETAIN_SELF = YES;
				CLANG_WARN_OBJC_LITERAL_CONVERSION = YES;
				CLANG_WARN_OBJC_ROOT_CLASS = YES_ERROR;
				CLANG_WARN_RANGE_LOOP_ANALYSIS = YES;
				CLANG_WARN_STRICT_PROTOTYPES = YES;
				CLANG_WARN_SUSPICIOUS_MOVE = YES;
				CLANG_WARN_UNGUARDED_AVAILABILITY = YES_AGGRESSIVE;
				CLANG_WARN_UNREACHABLE_CODE = YES;
				CLANG_WARN__DUPLICATE_METHOD_MATCH = YES;
				COPY_PHASE_STRIP = NO;
				DEBUG_INFORMATION_FORMAT = dwarf;
				ENABLE_STRICT_OBJC_MSGSEND = YES;
				ENABLE_TESTABILITY = YES;
				GCC_C_LANGUAGE_STANDARD = gnu11;
				GCC_DYNAMIC_NO_PIC = NO;
				GCC_NO_COMMON_BLOCKS = YES;
				GCC_OPTIMIZATION_LEVEL = 0;
				GCC_PREPROCESSOR_DEFINITIONS = (
					"DEBUG=1",
					"$(inherited)",
				);
				GCC_WARN_64_TO_32_BIT_CONVERSION = YES;
				GCC_WARN_ABOUT_RETURN_TYPE = YES_ERROR;
				GCC_WARN_UNDECLARED_SELECTOR = YES;
				GCC_WARN_UNINITIALIZED_AUTOS = YES_AGGRESSIVE;
				GCC_WARN_UNUSED_FUNCTION = YES;
				GCC_WARN_UNUSED_VARIABLE = YES;
				IPHONEOS_DEPLOYMENT_TARGET = 12.0;
				MTL_ENABLE_DEBUG_INFO = INCLUDE_SOURCE;
				MTL_FAST_MATH = YES;
				ONLY_ACTIVE_ARCH = YES;
				SDKROOT = iphoneos;
				SWIFT_ACTIVE_COMPILATION_CONDITIONS = DEBUG;
				SWIFT_OPTIMIZATION_LEVEL = "-Onone";
			};
			name = Debug;
		};
		D209C1F824FB37A500690F38 /* Release */ = {
			isa = XCBuildConfiguration;
			buildSettings = {
				ALWAYS_SEARCH_USER_PATHS = NO;
				CLANG_ANALYZER_NONNULL = YES;
				CLANG_ANALYZER_NUMBER_OBJECT_CONVERSION = YES_AGGRESSIVE;
				CLANG_CXX_LANGUAGE_STANDARD = "gnu++14";
				CLANG_CXX_LIBRARY = "libc++";
				CLANG_ENABLE_MODULES = YES;
				CLANG_ENABLE_OBJC_ARC = YES;
				CLANG_ENABLE_OBJC_WEAK = YES;
				CLANG_WARN_BLOCK_CAPTURE_AUTORELEASING = YES;
				CLANG_WARN_BOOL_CONVERSION = YES;
				CLANG_WARN_COMMA = YES;
				CLANG_WARN_CONSTANT_CONVERSION = YES;
				CLANG_WARN_DEPRECATED_OBJC_IMPLEMENTATIONS = YES;
				CLANG_WARN_DIRECT_OBJC_ISA_USAGE = YES_ERROR;
				CLANG_WARN_DOCUMENTATION_COMMENTS = YES;
				CLANG_WARN_EMPTY_BODY = YES;
				CLANG_WARN_ENUM_CONVERSION = YES;
				CLANG_WARN_INFINITE_RECURSION = YES;
				CLANG_WARN_INT_CONVERSION = YES;
				CLANG_WARN_NON_LITERAL_NULL_CONVERSION = YES;
				CLANG_WARN_OBJC_IMPLICIT_RETAIN_SELF = YES;
				CLANG_WARN_OBJC_LITERAL_CONVERSION = YES;
				CLANG_WARN_OBJC_ROOT_CLASS = YES_ERROR;
				CLANG_WARN_RANGE_LOOP_ANALYSIS = YES;
				CLANG_WARN_STRICT_PROTOTYPES = YES;
				CLANG_WARN_SUSPICIOUS_MOVE = YES;
				CLANG_WARN_UNGUARDED_AVAILABILITY = YES_AGGRESSIVE;
				CLANG_WARN_UNREACHABLE_CODE = YES;
				CLANG_WARN__DUPLICATE_METHOD_MATCH = YES;
				COPY_PHASE_STRIP = NO;
				DEBUG_INFORMATION_FORMAT = "dwarf-with-dsym";
				ENABLE_NS_ASSERTIONS = NO;
				ENABLE_STRICT_OBJC_MSGSEND = YES;
				GCC_C_LANGUAGE_STANDARD = gnu11;
				GCC_NO_COMMON_BLOCKS = YES;
				GCC_WARN_64_TO_32_BIT_CONVERSION = YES;
				GCC_WARN_ABOUT_RETURN_TYPE = YES_ERROR;
				GCC_WARN_UNDECLARED_SELECTOR = YES;
				GCC_WARN_UNINITIALIZED_AUTOS = YES_AGGRESSIVE;
				GCC_WARN_UNUSED_FUNCTION = YES;
				GCC_WARN_UNUSED_VARIABLE = YES;
				IPHONEOS_DEPLOYMENT_TARGET = 12.0;
				MTL_ENABLE_DEBUG_INFO = NO;
				MTL_FAST_MATH = YES;
				SDKROOT = iphoneos;
				SWIFT_COMPILATION_MODE = wholemodule;
				SWIFT_OPTIMIZATION_LEVEL = "-O";
				VALIDATE_PRODUCT = YES;
			};
			name = Release;
		};
		D209C1FA24FB37A500690F38 /* Debug */ = {
			isa = XCBuildConfiguration;
			baseConfigurationReference = 1F21BAE2228FD39FCB061CCE /* Pods-VietFood.debug.xcconfig */;
			buildSettings = {
				ASSETCATALOG_COMPILER_APPICON_NAME = AppIcon;
				CODE_SIGN_STYLE = Automatic;
				DEVELOPMENT_TEAM = VC54UPHUD4;
				INFOPLIST_FILE = VietFood/Info.plist;
				LD_RUNPATH_SEARCH_PATHS = (
					"$(inherited)",
					"@executable_path/Frameworks",
				);
				PRODUCT_BUNDLE_IDENTIFIER = hieutdt.zalo.VietFood;
				PRODUCT_NAME = "$(TARGET_NAME)";
				SWIFT_VERSION = 5.0;
				TARGETED_DEVICE_FAMILY = "1,2";
			};
			name = Debug;
		};
		D209C1FB24FB37A500690F38 /* Release */ = {
			isa = XCBuildConfiguration;
			baseConfigurationReference = DDDD02F98D4293AB67460027 /* Pods-VietFood.release.xcconfig */;
			buildSettings = {
				ASSETCATALOG_COMPILER_APPICON_NAME = AppIcon;
				CODE_SIGN_STYLE = Automatic;
				DEVELOPMENT_TEAM = VC54UPHUD4;
				INFOPLIST_FILE = VietFood/Info.plist;
				LD_RUNPATH_SEARCH_PATHS = (
					"$(inherited)",
					"@executable_path/Frameworks",
				);
				PRODUCT_BUNDLE_IDENTIFIER = hieutdt.zalo.VietFood;
				PRODUCT_NAME = "$(TARGET_NAME)";
				SWIFT_VERSION = 5.0;
				TARGETED_DEVICE_FAMILY = "1,2";
			};
			name = Release;
		};
		D209C1FD24FB37A500690F38 /* Debug */ = {
			isa = XCBuildConfiguration;
			baseConfigurationReference = ECCBB7BC091BA3F3FF5FD3BA /* Pods-VietFoodTests.debug.xcconfig */;
			buildSettings = {
				ALWAYS_EMBED_SWIFT_STANDARD_LIBRARIES = YES;
				BUNDLE_LOADER = "$(TEST_HOST)";
				CODE_SIGN_STYLE = Automatic;
				DEVELOPMENT_TEAM = VC54UPHUD4;
				INFOPLIST_FILE = VietFoodTests/Info.plist;
				IPHONEOS_DEPLOYMENT_TARGET = 13.6;
				LD_RUNPATH_SEARCH_PATHS = (
					"$(inherited)",
					"@executable_path/Frameworks",
					"@loader_path/Frameworks",
				);
				PRODUCT_BUNDLE_IDENTIFIER = hieutdt.zalo.VietFoodTests;
				PRODUCT_NAME = "$(TARGET_NAME)";
				SWIFT_VERSION = 5.0;
				TARGETED_DEVICE_FAMILY = "1,2";
				TEST_HOST = "$(BUILT_PRODUCTS_DIR)/VietFood.app/VietFood";
			};
			name = Debug;
		};
		D209C1FE24FB37A500690F38 /* Release */ = {
			isa = XCBuildConfiguration;
			baseConfigurationReference = 94450AADB078D1D0EA544C3E /* Pods-VietFoodTests.release.xcconfig */;
			buildSettings = {
				ALWAYS_EMBED_SWIFT_STANDARD_LIBRARIES = YES;
				BUNDLE_LOADER = "$(TEST_HOST)";
				CODE_SIGN_STYLE = Automatic;
				DEVELOPMENT_TEAM = VC54UPHUD4;
				INFOPLIST_FILE = VietFoodTests/Info.plist;
				IPHONEOS_DEPLOYMENT_TARGET = 13.6;
				LD_RUNPATH_SEARCH_PATHS = (
					"$(inherited)",
					"@executable_path/Frameworks",
					"@loader_path/Frameworks",
				);
				PRODUCT_BUNDLE_IDENTIFIER = hieutdt.zalo.VietFoodTests;
				PRODUCT_NAME = "$(TARGET_NAME)";
				SWIFT_VERSION = 5.0;
				TARGETED_DEVICE_FAMILY = "1,2";
				TEST_HOST = "$(BUILT_PRODUCTS_DIR)/VietFood.app/VietFood";
			};
			name = Release;
		};
/* End XCBuildConfiguration section */

/* Begin XCConfigurationList section */
		D209C1D224FB37A400690F38 /* Build configuration list for PBXProject "VietFood" */ = {
			isa = XCConfigurationList;
			buildConfigurations = (
				D209C1F724FB37A500690F38 /* Debug */,
				D209C1F824FB37A500690F38 /* Release */,
			);
			defaultConfigurationIsVisible = 0;
			defaultConfigurationName = Release;
		};
		D209C1F924FB37A500690F38 /* Build configuration list for PBXNativeTarget "VietFood" */ = {
			isa = XCConfigurationList;
			buildConfigurations = (
				D209C1FA24FB37A500690F38 /* Debug */,
				D209C1FB24FB37A500690F38 /* Release */,
			);
			defaultConfigurationIsVisible = 0;
			defaultConfigurationName = Release;
		};
		D209C1FC24FB37A500690F38 /* Build configuration list for PBXNativeTarget "VietFoodTests" */ = {
			isa = XCConfigurationList;
			buildConfigurations = (
				D209C1FD24FB37A500690F38 /* Debug */,
				D209C1FE24FB37A500690F38 /* Release */,
			);
			defaultConfigurationIsVisible = 0;
			defaultConfigurationName = Release;
		};
/* End XCConfigurationList section */

/* Begin XCVersionGroup section */
		D209C1E324FB37A400690F38 /* VietFood.xcdatamodeld */ = {
			isa = XCVersionGroup;
			children = (
				D209C1E424FB37A400690F38 /* VietFood.xcdatamodel */,
			);
			currentVersion = D209C1E424FB37A400690F38 /* VietFood.xcdatamodel */;
			path = VietFood.xcdatamodeld;
			sourceTree = "<group>";
			versionGroupType = wrapper.xcdatamodel;
		};
/* End XCVersionGroup section */
	};
	rootObject = D209C1CF24FB37A400690F38 /* Project object */;
}
